// !$*UTF8*$!
{ archiveVersion = 1; classes = {}; objectVersion = 56; objects = {
E44992800659E1D7C5F30465 = { isa = PBXFileReference; lastKnownFileType = sourcecode.swift; path = "HTools/App/AppDelegate.swift"; sourceTree = SOURCE_ROOT; };
D3C25B8D269B52BEEE3FAFD3 = { isa = PBXBuildFile; fileRef = E44992800659E1D7C5F30465; };
38BB140ACB76B076F84C0FA1 = { isa = PBXFileReference; lastKnownFileType = sourcecode.swift; path = "HTools/App/HToolsApp.swift"; sourceTree = SOURCE_ROOT; };
1BCE74AE5DC04F24AFD45854 = { isa = PBXBuildFile; fileRef = 38BB140ACB76B076F84C0FA1; };
9008FBF0EB55D6D749645ACE = { isa = PBXFileReference; lastKnownFileType = sourcecode.swift; path = "HTools/App/MenuBarController.swift"; sourceTree = SOURCE_ROOT; };
A2A93096D01C85D239C2D83B = { isa = PBXBuildFile; fileRef = 9008FBF0EB55D6D749645ACE; };
418C701E7BED5F5BDFD498BE = { isa = PBXFileReference; lastKnownFileType = sourcecode.swift; path = "HTools/Infrastructure/AccessibilityPermission.swift"; sourceTree = SOURCE_ROOT; };
759118FDB1424CCA91C1FDC0 = { isa = PBXBuildFile; fileRef = 418C701E7BED5F5BDFD498BE; };
0753B75882FA66A5DCC11565 = { isa = PBXFileReference; lastKnownFileType = sourcecode.swift; path = "HTools/Infrastructure/PreferencesStore.swift"; sourceTree = SOURCE_ROOT; };
DBA078E9ACB1374DC4F44ABF = { isa = PBXBuildFile; fileRef = 0753B75882FA66A5DCC11565; };
3A2426CE38A6367FFDCE43E9 = { isa = PBXFileReference; lastKnownFileType = sourcecode.swift; path = "HTools/Keyboard/KeyboardChannel.swift"; sourceTree = SOURCE_ROOT; };
A2CC76ED40EF393574DFE652 = { isa = PBXBuildFile; fileRef = 3A2426CE38A6367FFDCE43E9; };
1BAB6DBF71C6D3290DF13DF3 = { isa = PBXFileReference; lastKnownFileType = sourcecode.swift; path = "HTools/Keyboard/KeyboardControlModel.swift"; sourceTree = SOURCE_ROOT; };
9A61634378D5ACDC6B4B3551 = { isa = PBXBuildFile; fileRef = 1BAB6DBF71C6D3290DF13DF3; };
23E3F58613C3F2E20B5E2326 = { isa = PBXFileReference; lastKnownFileType = sourcecode.swift; path = "HTools/Keyboard/KeyboardControlPolicy.swift"; sourceTree = SOURCE_ROOT; };
2A1A15A362910E7F6DD35D27 = { isa = PBXBuildFile; fileRef = 23E3F58613C3F2E20B5E2326; };
57E8B03D4B059548C05B56DA = { isa = PBXFileReference; lastKnownFileType = sourcecode.swift; path = "HTools/Keyboard/KeyboardControlView.swift"; sourceTree = SOURCE_ROOT; };
D3A4B054DAD2E4FE5F6490EB = { isa = PBXBuildFile; fileRef = 57E8B03D4B059548C05B56DA; };
1AA6CFF29669BB1512546A92 = { isa = PBXFileReference; lastKnownFileType = sourcecode.swift; path = "HTools/Keyboard/KeyboardService.swift"; sourceTree = SOURCE_ROOT; };
56DBC8028FC3CA0B36ED093D = { isa = PBXBuildFile; fileRef = 1AA6CFF29669BB1512546A92; };
BE5272F7C1C085592C1BF7C8 = { isa = PBXFileReference; lastKnownFileType = sourcecode.swift; path = "HTools/Keyboard/KeyboardWorker.swift"; sourceTree = SOURCE_ROOT; };
354E199900BA760F1D88DB0B = { isa = PBXBuildFile; fileRef = BE5272F7C1C085592C1BF7C8; };
D1CBF6AF2BE4BBDC2F1B70B3 = { isa = PBXFileReference; lastKnownFileType = sourcecode.swift; path = "HTools/Permissions/KeyboardServiceInstaller.swift"; sourceTree = SOURCE_ROOT; };
BF9719E8E2B23DC8556DC38A = { isa = PBXBuildFile; fileRef = D1CBF6AF2BE4BBDC2F1B70B3; };
9AFBB48DAB71C6A36BD50E32 = { isa = PBXFileReference; lastKnownFileType = sourcecode.swift; path = "HTools/Permissions/PermissionsModel.swift"; sourceTree = SOURCE_ROOT; };
E1B158AABE9D18C0E777C848 = { isa = PBXBuildFile; fileRef = 9AFBB48DAB71C6A36BD50E32; };
82AA32AA6FF1F0499F873A26 = { isa = PBXFileReference; lastKnownFileType = sourcecode.swift; path = "HTools/Permissions/PermissionsView.swift"; sourceTree = SOURCE_ROOT; };
7D0999B62D6B26B7ABC641DC = { isa = PBXBuildFile; fileRef = 82AA32AA6FF1F0499F873A26; };
B6716CBEFFE1710471C23131 = { isa = PBXFileReference; lastKnownFileType = sourcecode.swift; path = "HTools/Settings/SettingsModel.swift"; sourceTree = SOURCE_ROOT; };
6E2C4FD63EBB952BDA06DA10 = { isa = PBXBuildFile; fileRef = B6716CBEFFE1710471C23131; };
D8FB7A93E473FDC335B7BC07 = { isa = PBXFileReference; lastKnownFileType = sourcecode.swift; path = "HTools/Settings/SettingsStyle.swift"; sourceTree = SOURCE_ROOT; };
CFBC9D7B2AF569D302CDAC8C = { isa = PBXBuildFile; fileRef = D8FB7A93E473FDC335B7BC07; };
483FF8F41E12096B63F2F09F = { isa = PBXFileReference; lastKnownFileType = sourcecode.swift; path = "HTools/Settings/SettingsView.swift"; sourceTree = SOURCE_ROOT; };
DFDA70876D536938BB56467D = { isa = PBXBuildFile; fileRef = 483FF8F41E12096B63F2F09F; };
F76852FDB5B794529E943F89 = { isa = PBXFileReference; lastKnownFileType = sourcecode.swift; path = "HTools/WindowManagement/FinderWindowService.swift"; sourceTree = SOURCE_ROOT; };
1BDF219901302E22F9B7369D = { isa = PBXBuildFile; fileRef = F76852FDB5B794529E943F89; };
84B829A7740384EAA342D002 = { isa = PBXFileReference; lastKnownFileType = sourcecode.swift; path = "HTools/WindowManagement/WindowSize.swift"; sourceTree = SOURCE_ROOT; };
83EECC1FA700829294DADD53 = { isa = PBXBuildFile; fileRef = 84B829A7740384EAA342D002; };
9CF379DA6828D037FB2673DB = { isa = PBXFileReference; lastKnownFileType = sourcecode.swift; path = "HTools/WindowManagement/WindowSizePolicy.swift"; sourceTree = SOURCE_ROOT; };
54187BF42251F8359AB71943 = { isa = PBXBuildFile; fileRef = 9CF379DA6828D037FB2673DB; };
5053AB40EA06D289561AAD7F = { isa = PBXFileReference; lastKnownFileType = sourcecode.swift; path = "HToolsTests/KeyboardIntegrationTests.swift"; sourceTree = SOURCE_ROOT; };
7D306F51F20DFE75D94F1B5F = { isa = PBXBuildFile; fileRef = 5053AB40EA06D289561AAD7F; };
A07737DB3D084DC95C64F768 = { isa = PBXFileReference; lastKnownFileType = sourcecode.swift; path = "HToolsTests/PermissionsTests.swift"; sourceTree = SOURCE_ROOT; };
9E049925F9D917E966300B75 = { isa = PBXBuildFile; fileRef = A07737DB3D084DC95C64F768; };
053C60EEE0D35253B5450FFD = { isa = PBXFileReference; lastKnownFileType = sourcecode.swift; path = "HToolsTests/PreferencesStoreTests.swift"; sourceTree = SOURCE_ROOT; };
F5D1F27AC292F1FA26C17D1C = { isa = PBXBuildFile; fileRef = 053C60EEE0D35253B5450FFD; };
E7D55A5455DE5B22DF9312BF = { isa = PBXFileReference; lastKnownFileType = sourcecode.swift; path = "HToolsTests/WindowSizePolicyTests.swift"; sourceTree = SOURCE_ROOT; };
DBD425A04F0E2C1C4F64AE0E = { isa = PBXBuildFile; fileRef = E7D55A5455DE5B22DF9312BF; };
1E087C7169F3628883718374 = { isa = PBXFileReference; lastKnownFileType = sourcecode.swift; path = "KeyboardGuardPOC/Sources/KeyboardCore/DeviceClassifier.swift"; sourceTree = SOURCE_ROOT; };
08D7A463E06A8F2E93FAF1D8 = { isa = PBXBuildFile; fileRef = 1E087C7169F3628883718374; };
52D5951674F4EF72AD7160F3 = { isa = PBXFileReference; lastKnownFileType = sourcecode.swift; path = "KeyboardGuardPOC/Sources/KeyboardCore/HIDDeviceManager.swift"; sourceTree = SOURCE_ROOT; };
2647C9CB02F7E1D63F69B7E3 = { isa = PBXBuildFile; fileRef = 52D5951674F4EF72AD7160F3; };
E5834512020AB71731EA1571 = { isa = PBXFileReference; lastKnownFileType = sourcecode.swift; path = "KeyboardGuardPOC/Sources/KeyboardCore/SeizeSession.swift"; sourceTree = SOURCE_ROOT; };
ECFE5792E4E37A184C8F56D4 = { isa = PBXBuildFile; fileRef = E5834512020AB71731EA1571; };
EC2016CD33A715D5AAD973CD = { isa = PBXFileReference; lastKnownFileType = folder.assetcatalog; path = "HTools/Resources/Assets.xcassets"; sourceTree = SOURCE_ROOT; };
9C44A1C9043B7D62B5BAFCA8 = { isa = PBXBuildFile; fileRef = EC2016CD33A715D5AAD973CD; };
340FE25FE725F4BD4CDD518A = { isa = PBXFileReference; lastKnownFileType = folder.icon; path = "HTools/Resources/AppIcon.icon"; sourceTree = SOURCE_ROOT; };
08C2D838D27FD4D070686D2E = { isa = PBXBuildFile; fileRef = 340FE25FE725F4BD4CDD518A; };
4E783A9E10D2A8ABA38CD11C = { isa = PBXFileReference; explicitFileType = wrapper.application; path = "HTools.app"; sourceTree = BUILT_PRODUCTS_DIR; };
6C7CCDEB3609F1FAA874E941 = { isa = PBXFileReference; explicitFileType = wrapper.cfbundle; path = "HToolsTests.xctest"; sourceTree = BUILT_PRODUCTS_DIR; };
FBDC4F23F93125BBEEAE800C = { isa = PBXGroup; children = (4E783A9E10D2A8ABA38CD11C, 6C7CCDEB3609F1FAA874E941); name = Products; sourceTree = "<group>"; };
0A54971A298C90731A9DCB0F = { isa = PBXGroup; children = (E44992800659E1D7C5F30465, 38BB140ACB76B076F84C0FA1, 9008FBF0EB55D6D749645ACE); name = "App"; sourceTree = "<group>"; };
B152A65FA84FBD0856E585ED = { isa = PBXGroup; children = (418C701E7BED5F5BDFD498BE, 0753B75882FA66A5DCC11565); name = "Infrastructure"; sourceTree = "<group>"; };
65E16BD56B50906E40BA9AFC = { isa = PBXGroup; children = (3A2426CE38A6367FFDCE43E9, 1BAB6DBF71C6D3290DF13DF3, 23E3F58613C3F2E20B5E2326, 57E8B03D4B059548C05B56DA, 1AA6CFF29669BB1512546A92, BE5272F7C1C085592C1BF7C8); name = "Keyboard"; sourceTree = "<group>"; };
1D53DA544F812A041B963CAA = { isa = PBXGroup; children = (D1CBF6AF2BE4BBDC2F1B70B3, 9AFBB48DAB71C6A36BD50E32, 82AA32AA6FF1F0499F873A26); name = "Permissions"; sourceTree = "<group>"; };
19EFFDEF3C44C86803DE1DA7 = { isa = PBXGroup; children = (EC2016CD33A715D5AAD973CD, 340FE25FE725F4BD4CDD518A); name = "Resources"; sourceTree = "<group>"; };
B661614AA0FE4DFA43C218B3 = { isa = PBXGroup; children = (B6716CBEFFE1710471C23131, D8FB7A93E473FDC335B7BC07, 483FF8F41E12096B63F2F09F); name = "Settings"; sourceTree = "<group>"; };
528A6FB0E6FA3A2C259057A6 = { isa = PBXGroup; children = (F76852FDB5B794529E943F89, 84B829A7740384EAA342D002, 9CF379DA6828D037FB2673DB); name = "WindowManagement"; sourceTree = "<group>"; };
9BFA677845944FF3F06AE5EC = { isa = PBXGroup; children = (0A54971A298C90731A9DCB0F, B152A65FA84FBD0856E585ED, 65E16BD56B50906E40BA9AFC, 1D53DA544F812A041B963CAA, 19EFFDEF3C44C86803DE1DA7, B661614AA0FE4DFA43C218B3, 528A6FB0E6FA3A2C259057A6); name = "HTools"; sourceTree = "<group>"; };
57ABEA164FB7DCC1EFC50DCC = { isa = PBXGroup; children = (5053AB40EA06D289561AAD7F, A07737DB3D084DC95C64F768, 053C60EEE0D35253B5450FFD, E7D55A5455DE5B22DF9312BF); name = "HToolsTests"; sourceTree = "<group>"; };
AA63767D46AA49A58E0C3931 = { isa = PBXGroup; children = (1E087C7169F3628883718374, 52D5951674F4EF72AD7160F3, E5834512020AB71731EA1571); name = "KeyboardCore"; sourceTree = "<group>"; };
B28B7AF69320201D1CF206EB = { isa = PBXGroup; children = (9BFA677845944FF3F06AE5EC, 57ABEA164FB7DCC1EFC50DCC, AA63767D46AA49A58E0C3931, FBDC4F23F93125BBEEAE800C); sourceTree = "<group>"; };
ED8772ADEC3A6C25161BC957 = { isa = XCBuildConfiguration; buildSettings = { CLANG_ENABLE_MODULES = YES; MACOSX_DEPLOYMENT_TARGET = 13.0; SDKROOT = macosx; SWIFT_VERSION = 5.0; CODE_SIGN_STYLE = Manual; CODE_SIGN_IDENTITY = "-"; SWIFT_OPTIMIZATION_LEVEL = "-Onone"; DEBUG_INFORMATION_FORMAT = dwarf; ENABLE_TESTABILITY = YES; SWIFT_ACTIVE_COMPILATION_CONDITIONS = DEBUG;  }; name = Debug; };
00F209874A1F7309F6DCEAA7 = { isa = XCBuildConfiguration; buildSettings = { CLANG_ENABLE_MODULES = YES; MACOSX_DEPLOYMENT_TARGET = 13.0; SDKROOT = macosx; SWIFT_VERSION = 5.0; CODE_SIGN_STYLE = Manual; CODE_SIGN_IDENTITY = "-"; SWIFT_COMPILATION_MODE = wholemodule; DEBUG_INFORMATION_FORMAT = "dwarf-with-dsym";  }; name = Release; };
640DC9EFD529235A8D9E2727 = { isa = XCConfigurationList; buildConfigurations = (ED8772ADEC3A6C25161BC957, 00F209874A1F7309F6DCEAA7); defaultConfigurationIsVisible = 0; defaultConfigurationName = Release; };
F8975E934DA2067E0E497395 = { isa = XCBuildConfiguration; buildSettings = { ASSETCATALOG_COMPILER_APPICON_NAME = AppIcon; PRODUCT_NAME = "HTools"; PRODUCT_MODULE_NAME = HTools; PRODUCT_BUNDLE_IDENTIFIER = "local.HTools"; GENERATE_INFOPLIST_FILE = YES; INFOPLIST_KEY_CFBundleDisplayName = "HTools"; INFOPLIST_KEY_LSUIElement = YES; INFOPLIST_KEY_NSHumanReadableCopyright = ""; ENABLE_APP_SANDBOX = NO; ENABLE_HARDENED_RUNTIME = YES; CURRENT_PROJECT_VERSION = 8; MARKETING_VERSION = 0.2.1; LD_RUNPATH_SEARCH_PATHS = "$(inherited) @executable_path/../Frameworks";  }; name = Debug; };
F72D4F08E84CA4C7F809A7CF = { isa = XCBuildConfiguration; buildSettings = { ASSETCATALOG_COMPILER_APPICON_NAME = AppIcon; PRODUCT_NAME = "HTools"; PRODUCT_MODULE_NAME = HTools; PRODUCT_BUNDLE_IDENTIFIER = "local.HTools"; GENERATE_INFOPLIST_FILE = YES; INFOPLIST_KEY_CFBundleDisplayName = "HTools"; INFOPLIST_KEY_LSUIElement = YES; INFOPLIST_KEY_NSHumanReadableCopyright = ""; ENABLE_APP_SANDBOX = NO; ENABLE_HARDENED_RUNTIME = YES; CURRENT_PROJECT_VERSION = 8; MARKETING_VERSION = 0.2.1; LD_RUNPATH_SEARCH_PATHS = "$(inherited) @executable_path/../Frameworks";  }; name = Release; };
4867F1BF372A84237FA0A5A7 = { isa = XCConfigurationList; buildConfigurations = (F8975E934DA2067E0E497395, F72D4F08E84CA4C7F809A7CF); defaultConfigurationIsVisible = 0; defaultConfigurationName = Release; };
DF53765BF9D03B65CB04A4C8 = { isa = XCBuildConfiguration; buildSettings = { MACOSX_DEPLOYMENT_TARGET = 14.0; PRODUCT_NAME = "HToolsTests"; PRODUCT_BUNDLE_IDENTIFIER = "local.HTools.tests"; GENERATE_INFOPLIST_FILE = YES; TEST_HOST = "$(BUILT_PRODUCTS_DIR)/HTools.app/Contents/MacOS/HTools"; BUNDLE_LOADER = "$(TEST_HOST)"; LD_RUNPATH_SEARCH_PATHS = "$(inherited) @executable_path/../Frameworks @loader_path/../Frameworks";  }; name = Debug; };
04B042A5E7A3FDC0670ED689 = { isa = XCBuildConfiguration; buildSettings = { MACOSX_DEPLOYMENT_TARGET = 14.0; PRODUCT_NAME = "HToolsTests"; PRODUCT_BUNDLE_IDENTIFIER = "local.HTools.tests"; GENERATE_INFOPLIST_FILE = YES; TEST_HOST = "$(BUILT_PRODUCTS_DIR)/HTools.app/Contents/MacOS/HTools"; BUNDLE_LOADER = "$(TEST_HOST)"; LD_RUNPATH_SEARCH_PATHS = "$(inherited) @executable_path/../Frameworks @loader_path/../Frameworks";  }; name = Release; };
52AD4600EC3994E0CD3216B8 = { isa = XCConfigurationList; buildConfigurations = (DF53765BF9D03B65CB04A4C8, 04B042A5E7A3FDC0670ED689); defaultConfigurationIsVisible = 0; defaultConfigurationName = Release; };
949D493B91791558E87BC5D7 = { isa = PBXSourcesBuildPhase; buildActionMask = 2147483647; files = (D3C25B8D269B52BEEE3FAFD3, 1BCE74AE5DC04F24AFD45854, A2A93096D01C85D239C2D83B, 759118FDB1424CCA91C1FDC0, DBA078E9ACB1374DC4F44ABF, A2CC76ED40EF393574DFE652, 9A61634378D5ACDC6B4B3551, 2A1A15A362910E7F6DD35D27, D3A4B054DAD2E4FE5F6490EB, 56DBC8028FC3CA0B36ED093D, 354E199900BA760F1D88DB0B, BF9719E8E2B23DC8556DC38A, E1B158AABE9D18C0E777C848, 7D0999B62D6B26B7ABC641DC, 6E2C4FD63EBB952BDA06DA10, CFBC9D7B2AF569D302CDAC8C, DFDA70876D536938BB56467D, 1BDF219901302E22F9B7369D, 83EECC1FA700829294DADD53, 54187BF42251F8359AB71943, 08D7A463E06A8F2E93FAF1D8, 2647C9CB02F7E1D63F69B7E3, ECFE5792E4E37A184C8F56D4); runOnlyForDeploymentPostprocessing = 0; };
78AE8C6BEB2A40A6D824CCEE = { isa = PBXFrameworksBuildPhase; buildActionMask = 2147483647; files = (); runOnlyForDeploymentPostprocessing = 0; };
364863F9F2E558B0F50473FC = { isa = PBXResourcesBuildPhase; buildActionMask = 2147483647; files = (9C44A1C9043B7D62B5BAFCA8, 08C2D838D27FD4D070686D2E); runOnlyForDeploymentPostprocessing = 0; };
73449B7401E2150CE31884A3 = { isa = PBXSourcesBuildPhase; buildActionMask = 2147483647; files = (7D306F51F20DFE75D94F1B5F, 9E049925F9D917E966300B75, F5D1F27AC292F1FA26C17D1C, DBD425A04F0E2C1C4F64AE0E); runOnlyForDeploymentPostprocessing = 0; };
32BD75FE04B3CDF992A510FD = { isa = PBXFrameworksBuildPhase; buildActionMask = 2147483647; files = (); runOnlyForDeploymentPostprocessing = 0; };
1544DFBBD36E4A0D68754A27 = { isa = PBXResourcesBuildPhase; buildActionMask = 2147483647; files = (); runOnlyForDeploymentPostprocessing = 0; };
D799BAE6088A90139B415FCC = { isa = PBXContainerItemProxy; containerPortal = 98F54143AB4E86B28C3AFEE0; proxyType = 1; remoteGlobalIDString = 7D1043473D55BFA90E8530D3; remoteInfo = "HTools"; };
DE58E2B17C19600779694943 = { isa = PBXTargetDependency; target = 7D1043473D55BFA90E8530D3; targetProxy = D799BAE6088A90139B415FCC; };
7D1043473D55BFA90E8530D3 = { isa = PBXNativeTarget; buildConfigurationList = 4867F1BF372A84237FA0A5A7; buildPhases = (949D493B91791558E87BC5D7, 78AE8C6BEB2A40A6D824CCEE, 364863F9F2E558B0F50473FC); buildRules = (); dependencies = (); name = "HTools"; productName = "HTools"; productReference = 4E783A9E10D2A8ABA38CD11C; productType = "com.apple.product-type.application"; };
04D13FD0AA6F0197CF2C9990 = { isa = PBXNativeTarget; buildConfigurationList = 52AD4600EC3994E0CD3216B8; buildPhases = (73449B7401E2150CE31884A3, 32BD75FE04B3CDF992A510FD, 1544DFBBD36E4A0D68754A27); buildRules = (); dependencies = (DE58E2B17C19600779694943); name = "HToolsTests"; productName = "HToolsTests"; productReference = 6C7CCDEB3609F1FAA874E941; productType = "com.apple.product-type.bundle.unit-test"; };
98F54143AB4E86B28C3AFEE0 = { isa = PBXProject; attributes = { BuildIndependentTargetsInParallel = YES; LastUpgradeCheck = 2700; }; buildConfigurationList = 640DC9EFD529235A8D9E2727; compatibilityVersion = "Xcode 14.0"; developmentRegion = zh-Hans; hasScannedForEncodings = 0; knownRegions = (en, Base, "zh-Hans"); mainGroup = B28B7AF69320201D1CF206EB; productRefGroup = FBDC4F23F93125BBEEAE800C; projectDirPath = ""; projectRoot = ""; targets = (7D1043473D55BFA90E8530D3, 04D13FD0AA6F0197CF2C9990); };
}; rootObject = 98F54143AB4E86B28C3AFEE0; }
